
Microsoft Visual Studio Solution File, Format Version 12.00
# Visual Studio 15
VisualStudioVersion = 15.0.28307.438
MinimumVisualStudioVersion = 10.0.40219.1
Project("{FAE04EC0-301F-11D3-BF4B-00C04F79EFBC}") = "ResponsiPemrog", "ResponsiPemrog\ResponsiPemrog.csproj", "{58F08246-F41D-4DD2-942D-10153DEE45BE}"
EndProject
Global
	GlobalSection(SolutionConfigurationPlatforms) = preSolution
		Debug|Any CPU = Debug|Any CPU
		Release|Any CPU = Release|Any CPU
	EndGlobalSection
	GlobalSection(ProjectConfigurationPlatforms) = postSolution
		{58F08246-F41D-4DD2-942D-10153DEE45BE}.Debug|Any CPU.ActiveCfg = Debug|Any CPU
		{58F08246-F41D-4DD2-942D-10153DEE45BE}.Debug|Any CPU.Build.0 = Debug|Any CPU
		{58F08246-F41D-4DD2-942D-10153DEE45BE}.Release|Any CPU.ActiveCfg = Release|Any CPU
		{58F08246-F41D-4DD2-942D-10153DEE45BE}.Release|Any CPU.Build.0 = Release|Any CPU
	EndGlobalSection
	GlobalSection(SolutionProperties) = preSolution
		HideSolutionNode = FALSE
	EndGlobalSection
	GlobalSection(ExtensibilityGlobals) = postSolution
		SolutionGuid = {7B8C2E1B-6DC8-42DB-BA6F-FD86947562DE}
	EndGlobalSection
EndGlobal
